PODS:
  - MapboxCommon (23.1.0)
  - MapboxCoreMaps (10.9.1):
    - MapboxCommon (~> 23.1)
  - MapboxMaps (10.9.1):
    - MapboxCommon (= 23.1.0)
    - MapboxCoreMaps (= 10.9.1)
    - MapboxMobileEvents (= 1.0.8)
    - Turf (~> 2.0)
  - MapboxMobileEvents (1.0.8)
  - Turf (2.6.1)

DEPENDENCIES:
  - MapboxMaps (= 10.9.1)

SPEC REPOS:
  trunk:
    - MapboxCommon
    - MapboxCoreMaps
    - MapboxMaps
    - MapboxMobileEvents
    - Turf

SPEC CHECKSUMS:
  MapboxCommon: bfffb68226f650df065cf24e307576267ebc75e8
  MapboxCoreMaps: c74e3dd1d7d2b8c0ca5503d8c3e8ef79a8feccd5
  MapboxMaps: f5e3858e71a923f0e2fc168a93397cfd98341dc5
  MapboxMobileEvents: febdd92835daa258ca1c1faad0821c0b3394ef40
  Turf: 469ce2c3d22e5e8e4818d5a3b254699a5c89efa4

PODFILE CHECKSUM: 6d9900076cbf0889623b15b5b7fb88630700bccd

COCOAPODS: 1.11.3
